
Microsoft Visual Studio Solution File, Format Version 12.00
# Visual Studio 15
VisualStudioVersion = 15.0.28307.645
MinimumVisualStudioVersion = 10.0.40219.1
Project("{9A19103F-16F7-4668-BE54-9A1E7A4F7556}") = "Redis.Net", "src\Redis.Net\Redis.Net.csproj", "{89AF6FFB-AB77-40E0-8300-3ABFA1206D95}"
EndProject
Project("{9A19103F-16F7-4668-BE54-9A1E7A4F7556}") = "Redis.Net.Tests", "test\Redis.Net.Tests\Redis.Net.Tests.csproj", "{0D021FD4-F26A-402B-A2FA-E0AA2B7C2201}"
EndProject
Project("{2150E333-8FDC-42A3-9474-1A3956D46DE8}") = "Solution Items", "Solution Items", "{4189E860-1AD1-4965-91F2-F10189821DF9}"
	ProjectSection(SolutionItems) = preProject
		README.md = README.md
	EndProjectSection
EndProject
Project("{2150E333-8FDC-42A3-9474-1A3956D46DE8}") = "src", "src", "{E2F01B51-87B1-4C4E-B9A5-0C08618E6169}"
EndProject
Project("{FAE04EC0-301F-11D3-BF4B-00C04F79EFBC}") = "Redis.Net.Serializer.Json", "src\Redis.Net.Serializer.Json\Redis.Net.Serializer.Json.csproj", "{D5106D8F-0489-42FF-9BAE-A26A25CD3849}"
EndProject
Project("{FAE04EC0-301F-11D3-BF4B-00C04F79EFBC}") = "Redis.Net.Serializer.MsgPack", "src\Redis.Net.Serializer.MsgPack\Redis.Net.Serializer.MsgPack.csproj", "{AA9071E7-5B63-4610-AB9A-7FA39BD1EC14}"
EndProject
Project("{FAE04EC0-301F-11D3-BF4B-00C04F79EFBC}") = "Redis.Net.Serializer.NewtonsoftJson", "src\Redis.Net.Serializer.NewtonsoftJson\Redis.Net.Serializer.NewtonsoftJson.csproj", "{8F2A6516-908B-443B-895C-DE67E0DB4351}"
EndProject
Global
	GlobalSection(SolutionConfigurationPlatforms) = preSolution
		Debug|Any CPU = Debug|Any CPU
		Release|Any CPU = Release|Any CPU
	EndGlobalSection
	GlobalSection(ProjectConfigurationPlatforms) = postSolution
		{89AF6FFB-AB77-40E0-8300-3ABFA1206D95}.Debug|Any CPU.ActiveCfg = Debug|Any CPU
		{89AF6FFB-AB77-40E0-8300-3ABFA1206D95}.Debug|Any CPU.Build.0 = Debug|Any CPU
		{89AF6FFB-AB77-40E0-8300-3ABFA1206D95}.Release|Any CPU.ActiveCfg = Release|Any CPU
		{89AF6FFB-AB77-40E0-8300-3ABFA1206D95}.Release|Any CPU.Build.0 = Release|Any CPU
		{0D021FD4-F26A-402B-A2FA-E0AA2B7C2201}.Debug|Any CPU.ActiveCfg = Debug|Any CPU
		{0D021FD4-F26A-402B-A2FA-E0AA2B7C2201}.Debug|Any CPU.Build.0 = Debug|Any CPU
		{0D021FD4-F26A-402B-A2FA-E0AA2B7C2201}.Release|Any CPU.ActiveCfg = Release|Any CPU
		{0D021FD4-F26A-402B-A2FA-E0AA2B7C2201}.Release|Any CPU.Build.0 = Release|Any CPU
		{D5106D8F-0489-42FF-9BAE-A26A25CD3849}.Debug|Any CPU.ActiveCfg = Debug|Any CPU
		{D5106D8F-0489-42FF-9BAE-A26A25CD3849}.Debug|Any CPU.Build.0 = Debug|Any CPU
		{D5106D8F-0489-42FF-9BAE-A26A25CD3849}.Release|Any CPU.ActiveCfg = Release|Any CPU
		{D5106D8F-0489-42FF-9BAE-A26A25CD3849}.Release|Any CPU.Build.0 = Release|Any CPU
		{AA9071E7-5B63-4610-AB9A-7FA39BD1EC14}.Debug|Any CPU.ActiveCfg = Debug|Any CPU
		{AA9071E7-5B63-4610-AB9A-7FA39BD1EC14}.Debug|Any CPU.Build.0 = Debug|Any CPU
		{AA9071E7-5B63-4610-AB9A-7FA39BD1EC14}.Release|Any CPU.ActiveCfg = Release|Any CPU
		{AA9071E7-5B63-4610-AB9A-7FA39BD1EC14}.Release|Any CPU.Build.0 = Release|Any CPU
		{8F2A6516-908B-443B-895C-DE67E0DB4351}.Debug|Any CPU.ActiveCfg = Debug|Any CPU
		{8F2A6516-908B-443B-895C-DE67E0DB4351}.Debug|Any CPU.Build.0 = Debug|Any CPU
		{8F2A6516-908B-443B-895C-DE67E0DB4351}.Release|Any CPU.ActiveCfg = Release|Any CPU
		{8F2A6516-908B-443B-895C-DE67E0DB4351}.Release|Any CPU.Build.0 = Release|Any CPU
	EndGlobalSection
	GlobalSection(SolutionProperties) = preSolution
		HideSolutionNode = FALSE
	EndGlobalSection
	GlobalSection(ExtensibilityGlobals) = postSolution
		SolutionGuid = {26455BD4-9686-435A-8972-29F9CED6C794}
	EndGlobalSection
	GlobalSection(NestedProjects) = preSolution
		{D5106D8F-0489-42FF-9BAE-A26A25CD3849} = {E2F01B51-87B1-4C4E-B9A5-0C08618E6169}
		{AA9071E7-5B63-4610-AB9A-7FA39BD1EC14} = {E2F01B51-87B1-4C4E-B9A5-0C08618E6169}
		{8F2A6516-908B-443B-895C-DE67E0DB4351} = {E2F01B51-87B1-4C4E-B9A5-0C08618E6169}
	EndGlobalSection
EndGlobal
